Microsoft Visual Studio Solution File, Format Version 12.00
# Visual Studio Version 17
VisualStudioVersion = 17.5.2.0
MinimumVisualStudioVersion = 10.0.40219.1
Project("{FAE04EC0-301F-11D3-BF4B-00C04F79EFBC}") = "MFE.Inicio", "MFE.Inicio\MFE.Inicio.csproj", "{6992EA3B-7FFD-87D0-33CE-8C00A5CB2A48}"
EndProject
Global
	GlobalSection(SolutionConfigurationPlatforms) = preSolution
		Debug|Any CPU = Debug|Any CPU
		Release|Any CPU = Release|Any CPU
	EndGlobalSection
	GlobalSection(ProjectConfigurationPlatforms) = postSolution
		{6992EA3B-7FFD-87D0-33CE-8C00A5CB2A48}.Debug|Any CPU.ActiveCfg = Debug|Any CPU
		{6992EA3B-7FFD-87D0-33CE-8C00A5CB2A48}.Debug|Any CPU.Build.0 = Debug|Any CPU
		{6992EA3B-7FFD-87D0-33CE-8C00A5CB2A48}.Release|Any CPU.ActiveCfg = Release|Any CPU
		{6992EA3B-7FFD-87D0-33CE-8C00A5CB2A48}.Release|Any CPU.Build.0 = Release|Any CPU
	EndGlobalSection
	GlobalSection(SolutionProperties) = preSolution
		HideSolutionNode = FALSE
	EndGlobalSection
	GlobalSection(ExtensibilityGlobals) = postSolution
		SolutionGuid = {AC31C611-3B14-4130-983E-721B12C8BE78}
	EndGlobalSection
EndGlobal
